Microsoft Visual Studio Solution File, Format Version 12.00
# Visual Studio Version 17
VisualStudioVersion = 17.11.35327.3
MinimumVisualStudioVersion = 10.0.40219.1
Project("{FAE04EC0-301F-11D3-BF4B-00C04F79EFBC}") = "Ambrosuite.AppHost", "Ambrosuite.AppHost\Ambrosuite.AppHost.csproj", "{C173BE3A-8FFE-4486-91C9-7E1B82203844}"
EndProject
Project("{9A19103F-16F7-4668-BE54-9A1E7A4F7556}") = "Ambrosuite.ServiceDefaults", "Ambrosuite.ServiceDefaults\Ambrosuite.ServiceDefaults.csproj", "{3800F430-2505-459C-97CA-354377FC630D}"
EndProject
Project("{9A19103F-16F7-4668-BE54-9A1E7A4F7556}") = "Ambrosuite.ApiService", "Ambrosuite.ApiService\Ambrosuite.ApiService.csproj", "{17AC64F6-30F8-4E51-BA16-2D433513FE9F}"
EndProject
Project("{9A19103F-16F7-4668-BE54-9A1E7A4F7556}") = "Ambrosuite.Web", "Ambrosuite.Web\Ambrosuite.Web.csproj", "{8B701699-8DCD-4D8E-9FD3-C60581DA72F0}"
EndProject
Global
	GlobalSection(SolutionConfigurationPlatforms) = preSolution
		Debug|Any CPU = Debug|Any CPU
		Release|Any CPU = Release|Any CPU
	EndGlobalSection
	GlobalSection(ProjectConfigurationPlatforms) = postSolution
		{C173BE3A-8FFE-4486-91C9-7E1B82203844}.Debug|Any CPU.ActiveCfg = Debug|Any CPU
		{C173BE3A-8FFE-4486-91C9-7E1B82203844}.Debug|Any CPU.Build.0 = Debug|Any CPU
		{C173BE3A-8FFE-4486-91C9-7E1B82203844}.Release|Any CPU.ActiveCfg = Release|Any CPU
		{C173BE3A-8FFE-4486-91C9-7E1B82203844}.Release|Any CPU.Build.0 = Release|Any CPU
		{3800F430-2505-459C-97CA-354377FC630D}.Debug|Any CPU.ActiveCfg = Debug|Any CPU
		{3800F430-2505-459C-97CA-354377FC630D}.Debug|Any CPU.Build.0 = Debug|Any CPU
		{3800F430-2505-459C-97CA-354377FC630D}.Release|Any CPU.ActiveCfg = Release|Any CPU
		{3800F430-2505-459C-97CA-354377FC630D}.Release|Any CPU.Build.0 = Release|Any CPU
		{17AC64F6-30F8-4E51-BA16-2D433513FE9F}.Debug|Any CPU.ActiveCfg = Debug|Any CPU
		{17AC64F6-30F8-4E51-BA16-2D433513FE9F}.Debug|Any CPU.Build.0 = Debug|Any CPU
		{17AC64F6-30F8-4E51-BA16-2D433513FE9F}.Release|Any CPU.ActiveCfg = Release|Any CPU
		{17AC64F6-30F8-4E51-BA16-2D433513FE9F}.Release|Any CPU.Build.0 = Release|Any CPU
		{8B701699-8DCD-4D8E-9FD3-C60581DA72F0}.Debug|Any CPU.ActiveCfg = Debug|Any CPU
		{8B701699-8DCD-4D8E-9FD3-C60581DA72F0}.Debug|Any CPU.Build.0 = Debug|Any CPU
		{8B701699-8DCD-4D8E-9FD3-C60581DA72F0}.Release|Any CPU.ActiveCfg = Release|Any CPU
		{8B701699-8DCD-4D8E-9FD3-C60581DA72F0}.Release|Any CPU.Build.0 = Release|Any CPU
	EndGlobalSection
	GlobalSection(SolutionProperties) = preSolution
		HideSolutionNode = FALSE
	EndGlobalSection
	GlobalSection(ExtensibilityGlobals) = postSolution
		SolutionGuid = {3EF41CE8-FEF8-4C86-88F5-DCBAF3E676FB}
	EndGlobalSection
EndGlobal
